Microsoft Visual Studio Solution File, Format Version 11.00
# Visual Studio 2008

Project("{F53DF029-3E16-9F56-2BC1-D9A20E1D2589}") = "Matrix", "Assembly-CSharp-vs.csproj", "{5FC39538-66FF-E9A7-C737-D622E26A9988}"
EndProject
Project("{F53DF029-3E16-9F56-2BC1-D9A20E1D2589}") = "Matrix", "Assembly-CSharp-Editor-vs.csproj", "{849265DE-0AFD-0C6D-C745-0D7A71479102}"
EndProject
Global
	GlobalSection(SolutionConfigurationPlatforms) = preSolution
		Debug|Any CPU = Debug|Any CPU
		Release|Any CPU = Release|Any CPU
	EndGlobalSection
	GlobalSection(ProjectConfigurationPlatforms) = postSolution
		{5FC39538-66FF-E9A7-C737-D622E26A9988}.Debug|Any CPU.ActiveCfg = Debug|Any CPU
		{5FC39538-66FF-E9A7-C737-D622E26A9988}.Debug|Any CPU.Build.0 = Debug|Any CPU
		{5FC39538-66FF-E9A7-C737-D622E26A9988}.Release|Any CPU.ActiveCfg = Release|Any CPU
		{5FC39538-66FF-E9A7-C737-D622E26A9988}.Release|Any CPU.Build.0 = Release|Any CPU
		{849265DE-0AFD-0C6D-C745-0D7A71479102}.Debug|Any CPU.ActiveCfg = Debug|Any CPU
		{849265DE-0AFD-0C6D-C745-0D7A71479102}.Debug|Any CPU.Build.0 = Debug|Any CPU
		{849265DE-0AFD-0C6D-C745-0D7A71479102}.Release|Any CPU.ActiveCfg = Release|Any CPU
		{849265DE-0AFD-0C6D-C745-0D7A71479102}.Release|Any CPU.Build.0 = Release|Any CPU
	EndGlobalSection
	GlobalSection(SolutionProperties) = preSolution
		HideSolutionNode = FALSE
	EndGlobalSection
					GlobalSection(MonoDevelopProperties) = preSolution
		StartupItem = Assembly-CSharp.csproj
		Policies = $0
		$0.TextStylePolicy = $1
		$1.inheritsSet = null
		$1.scope = text/x-csharp
		$0.CSharpFormattingPolicy = $2
		$2.inheritsSet = Mono
		$2.inheritsScope = text/x-csharp
		$2.scope = text/x-csharp
		$0.TextStylePolicy = $3
		$3.FileWidth = 120
		$3.TabWidth = 4
		$3.EolMarker = Unix
		$3.inheritsSet = Mono
		$3.inheritsScope = text/plain
		$3.scope = text/plain
	EndGlobalSection

EndGlobal
