Microsoft Visual Studio Solution File, Format Version 11.00
# Visual Studio 2008

Project("{2BED4ED6-D6D4-B10A-8185-39FB0BE36181}") = "Solved", "Assembly-CSharp.csproj", "{BE3D852F-6EC7-BF8F-F5F3-3BCBBF6D1B8A}"
EndProject
Project("{2BED4ED6-D6D4-B10A-8185-39FB0BE36181}") = "Solved", "Assembly-CSharp-Editor.csproj", "{AA438BE1-19A2-607A-45A2-6707F8B78C87}"
EndProject
Global
	GlobalSection(SolutionConfigurationPlatforms) = preSolution
		Debug|Any CPU = Debug|Any CPU
		Release|Any CPU = Release|Any CPU
	EndGlobalSection
	GlobalSection(ProjectConfigurationPlatforms) = postSolution
		{BE3D852F-6EC7-BF8F-F5F3-3BCBBF6D1B8A}.Debug|Any CPU.ActiveCfg = Debug|Any CPU
		{BE3D852F-6EC7-BF8F-F5F3-3BCBBF6D1B8A}.Debug|Any CPU.Build.0 = Debug|Any CPU
		{BE3D852F-6EC7-BF8F-F5F3-3BCBBF6D1B8A}.Release|Any CPU.ActiveCfg = Release|Any CPU
		{BE3D852F-6EC7-BF8F-F5F3-3BCBBF6D1B8A}.Release|Any CPU.Build.0 = Release|Any CPU
		{AA438BE1-19A2-607A-45A2-6707F8B78C87}.Debug|Any CPU.ActiveCfg = Debug|Any CPU
		{AA438BE1-19A2-607A-45A2-6707F8B78C87}.Debug|Any CPU.Build.0 = Debug|Any CPU
		{AA438BE1-19A2-607A-45A2-6707F8B78C87}.Release|Any CPU.ActiveCfg = Release|Any CPU
		{AA438BE1-19A2-607A-45A2-6707F8B78C87}.Release|Any CPU.Build.0 = Release|Any CPU
	EndGlobalSection
	GlobalSection(SolutionProperties) = preSolution
		HideSolutionNode = FALSE
	EndGlobalSection
			GlobalSection(MonoDevelopProperties) = preSolution
		StartupItem = Assembly-CSharp.csproj
		Policies = $0
		$0.TextStylePolicy = $1
		$1.inheritsSet = null
		$1.scope = text/x-csharp
		$0.CSharpFormattingPolicy = $2
		$2.inheritsSet = Mono
		$2.inheritsScope = text/x-csharp
		$2.scope = text/x-csharp
		$0.TextStylePolicy = $3
		$3.FileWidth = 120
		$3.TabWidth = 4
		$3.EolMarker = Unix
		$3.inheritsSet = Mono
		$3.inheritsScope = text/plain
		$3.scope = text/plain
	EndGlobalSection

EndGlobal
